{
  "name": "coriolis-count-commonjs-example",
  "version": "1.0.0",
  "lockfileVersion": 1,
  "requires": true,
  "dependencies": {
    "@coriolis/coriolis": {
      "version": "1.0.0-alpha4",
      "resolved": "https://registry.npmjs.org/@coriolis/coriolis/-/coriolis-1.0.0-alpha4.tgz",
      "integrity": "sha512-nfidwnIpZpZbE5ao9SCo9hprnieWELlpUahIiR4IhCYgq5n0Iyt3UC8MzIPL+yhCjXN3uAbx6R4yQlJ0H9/O/g==",
      "requires": {
        "rxjs": "^6.5.4"
      }
    },
    "rxjs": {
      "version": "6.5.4",
      "resolved": "https://registry.npmjs.org/rxjs/-/rxjs-6.5.4.tgz",
      "integrity": "sha512-naMQXcgEo3csAEGvw/NydRA0fuS2nDZJiw1YUWFKU7aPPAPGZEsD4Iimit96qwCieH6y614MCLYwdkrWx7z/7Q==",
      "requires": {
        "tslib": "^1.9.0"
      }
    },
    "tslib": {
      "version": "1.11.1",
      "resolved": "https://registry.npmjs.org/tslib/-/tslib-1.11.1.tgz",
      "integrity": "sha512-aZW88SY8kQbU7gpV19lN24LtXh/yD4ZZg6qieAJDDg+YBsJcSmLGK9QpnUjAKVG/xefmvJGd1WUmfpT/g6AJGA=="
    }
  }
}
